
Microsoft Visual Studio Solution File, Format Version 12.00
# Visual Studio Version 17
VisualStudioVersion = 17.5.33516.290
MinimumVisualStudioVersion = 10.0.40219.1
Project("{8BC9CEB8-8B4A-11D0-8D11-00A0C91BC942}") = "StaticMember_137", "StaticMember_137\StaticMember_137.vcxproj", "{52EDCD14-DF27-445E-8380-66F9332F6311}"
EndProject
Project("{8BC9CEB8-8B4A-11D0-8D11-00A0C91BC942}") = "ChainFunction_137", "ChainFunction_137\ChainFunction_137.vcxproj", "{15B37890-C867-4F88-896A-E3C29AD92849}"
EndProject
Project("{8BC9CEB8-8B4A-11D0-8D11-00A0C91BC942}") = "destruktor_137", "destruktor_137\destruktor_137.vcxproj", "{23B4ACA8-C1AE-4C09-AE2B-D45466FBA4BC}"
EndProject
Project("{8BC9CEB8-8B4A-11D0-8D11-00A0C91BC942}") = "Konstruktor_137", "Konstruktor_137\Konstruktor_137.vcxproj", "{0681C637-2D88-44BC-BAB8-0491B5409208}"
EndProject
Project("{8BC9CEB8-8B4A-11D0-8D11-00A0C91BC942}") = "mbrStaticFunction_137", "mbrStaticFunction_137\mbrStaticFunction_137.vcxproj", "{A5559D9C-6836-4F29-B587-0757EF28D4FA}"
EndProject
Global
	GlobalSection(SolutionConfigurationPlatforms) = preSolution
		Debug|x64 = Debug|x64
		Debug|x86 = Debug|x86
		Release|x64 = Release|x64
		Release|x86 = Release|x86
	EndGlobalSection
	GlobalSection(ProjectConfigurationPlatforms) = postSolution
		{52EDCD14-DF27-445E-8380-66F9332F6311}.Debug|x64.ActiveCfg = Debug|x64
		{52EDCD14-DF27-445E-8380-66F9332F6311}.Debug|x64.Build.0 = Debug|x64
		{52EDCD14-DF27-445E-8380-66F9332F6311}.Debug|x86.ActiveCfg = Debug|Win32
		{52EDCD14-DF27-445E-8380-66F9332F6311}.Debug|x86.Build.0 = Debug|Win32
		{52EDCD14-DF27-445E-8380-66F9332F6311}.Release|x64.ActiveCfg = Release|x64
		{52EDCD14-DF27-445E-8380-66F9332F6311}.Release|x64.Build.0 = Release|x64
		{52EDCD14-DF27-445E-8380-66F9332F6311}.Release|x86.ActiveCfg = Release|Win32
		{52EDCD14-DF27-445E-8380-66F9332F6311}.Release|x86.Build.0 = Release|Win32
		{15B37890-C867-4F88-896A-E3C29AD92849}.Debug|x64.ActiveCfg = Debug|x64
		{15B37890-C867-4F88-896A-E3C29AD92849}.Debug|x64.Build.0 = Debug|x64
		{15B37890-C867-4F88-896A-E3C29AD92849}.Debug|x86.ActiveCfg = Debug|Win32
		{15B37890-C867-4F88-896A-E3C29AD92849}.Debug|x86.Build.0 = Debug|Win32
		{15B37890-C867-4F88-896A-E3C29AD92849}.Release|x64.ActiveCfg = Release|x64
		{15B37890-C867-4F88-896A-E3C29AD92849}.Release|x64.Build.0 = Release|x64
		{15B37890-C867-4F88-896A-E3C29AD92849}.Release|x86.ActiveCfg = Release|Win32
		{15B37890-C867-4F88-896A-E3C29AD92849}.Release|x86.Build.0 = Release|Win32
		{23B4ACA8-C1AE-4C09-AE2B-D45466FBA4BC}.Debug|x64.ActiveCfg = Debug|x64
		{23B4ACA8-C1AE-4C09-AE2B-D45466FBA4BC}.Debug|x64.Build.0 = Debug|x64
		{23B4ACA8-C1AE-4C09-AE2B-D45466FBA4BC}.Debug|x86.ActiveCfg = Debug|Win32
		{23B4ACA8-C1AE-4C09-AE2B-D45466FBA4BC}.Debug|x86.Build.0 = Debug|Win32
		{23B4ACA8-C1AE-4C09-AE2B-D45466FBA4BC}.Release|x64.ActiveCfg = Release|x64
		{23B4ACA8-C1AE-4C09-AE2B-D45466FBA4BC}.Release|x64.Build.0 = Release|x64
		{23B4ACA8-C1AE-4C09-AE2B-D45466FBA4BC}.Release|x86.ActiveCfg = Release|Win32
		{23B4ACA8-C1AE-4C09-AE2B-D45466FBA4BC}.Release|x86.Build.0 = Release|Win32
		{0681C637-2D88-44BC-BAB8-0491B5409208}.Debug|x64.ActiveCfg = Debug|x64
		{0681C637-2D88-44BC-BAB8-0491B5409208}.Debug|x64.Build.0 = Debug|x64
		{0681C637-2D88-44BC-BAB8-0491B5409208}.Debug|x86.ActiveCfg = Debug|Win32
		{0681C637-2D88-44BC-BAB8-0491B5409208}.Debug|x86.Build.0 = Debug|Win32
		{0681C637-2D88-44BC-BAB8-0491B5409208}.Release|x64.ActiveCfg = Release|x64
		{0681C637-2D88-44BC-BAB8-0491B5409208}.Release|x64.Build.0 = Release|x64
		{0681C637-2D88-44BC-BAB8-0491B5409208}.Release|x86.ActiveCfg = Release|Win32
		{0681C637-2D88-44BC-BAB8-0491B5409208}.Release|x86.Build.0 = Release|Win32
		{A5559D9C-6836-4F29-B587-0757EF28D4FA}.Debug|x64.ActiveCfg = Debug|x64
		{A5559D9C-6836-4F29-B587-0757EF28D4FA}.Debug|x64.Build.0 = Debug|x64
		{A5559D9C-6836-4F29-B587-0757EF28D4FA}.Debug|x86.ActiveCfg = Debug|Win32
		{A5559D9C-6836-4F29-B587-0757EF28D4FA}.Debug|x86.Build.0 = Debug|Win32
		{A5559D9C-6836-4F29-B587-0757EF28D4FA}.Release|x64.ActiveCfg = Release|x64
		{A5559D9C-6836-4F29-B587-0757EF28D4FA}.Release|x64.Build.0 = Release|x64
		{A5559D9C-6836-4F29-B587-0757EF28D4FA}.Release|x86.ActiveCfg = Release|Win32
		{A5559D9C-6836-4F29-B587-0757EF28D4FA}.Release|x86.Build.0 = Release|Win32
	EndGlobalSection
	GlobalSection(SolutionProperties) = preSolution
		HideSolutionNode = FALSE
	EndGlobalSection
	GlobalSection(ExtensibilityGlobals) = postSolution
		SolutionGuid = {D25E377E-7700-4B94-B8E9-27FFBA87AD77}
	EndGlobalSection
EndGlobal
